
Microsoft Visual Studio Solution File, Format Version 12.00
# Visual Studio Version 16
VisualStudioVersion = 25.0.1700.0
MinimumVisualStudioVersion = 10.0.40219.1
Project("{FAE04EC0-301F-11D3-BF4B-00C04F79EFBC}") = "TaskProcessor", "TaskProcessor\TaskProcessor.csproj", "{869CCCAB-A491-4521-810D-291F63D2DBA3}"
EndProject
Global
	GlobalSection(SolutionConfigurationPlatforms) = preSolution
		Debug|Any CPU = Debug|Any CPU
		Release|Any CPU = Release|Any CPU
	EndGlobalSection
	GlobalSection(ProjectConfigurationPlatforms) = postSolution
		{869CCCAB-A491-4521-810D-291F63D2DBA3}.Debug|Any CPU.ActiveCfg = Debug|Any CPU
		{869CCCAB-A491-4521-810D-291F63D2DBA3}.Debug|Any CPU.Build.0 = Debug|Any CPU
		{869CCCAB-A491-4521-810D-291F63D2DBA3}.Release|Any CPU.ActiveCfg = Release|Any CPU
		{869CCCAB-A491-4521-810D-291F63D2DBA3}.Release|Any CPU.Build.0 = Release|Any CPU
	EndGlobalSection
	GlobalSection(SolutionProperties) = preSolution
		HideSolutionNode = FALSE
	EndGlobalSection
	GlobalSection(ExtensibilityGlobals) = postSolution
		SolutionGuid = {D16627AE-8E23-4232-BC3B-E0188DD2E1D2}
	EndGlobalSection
EndGlobal
